[[package]]
name = "black"
version = "21.12b0"
description = "The uncompromising code formatter."
category = "dev"
optional = false
python-versions = ">=3.6.2"

[package.dependencies]
click = ">=7.1.2"
mypy-extensions = ">=0.4.3"
pathspec = ">=0.9.0,<1"
platformdirs = ">=2"
tomli = ">=0.2.6,<2.0.0"
typing-extensions = [
    {version = ">=3.10.0.0", markers = "python_version < \"3.10\""},
    {version = ">=3.10.0.0,<3.10.0.1 || >3.10.0.1", markers = "python_version >= \"3.10\""},
]

[package.extras]
colorama = ["colorama (>=0.4.3)"]
d = ["aiohttp (>=3.7.4)"]
jupyter = ["ipython (>=7.8.0)", "tokenize-rt (>=3.2.0)"]
python2 = ["typed-ast (>=1.4.3)"]
uvloop = ["uvloop (>=0.15.2)"]

[[package]]
name = "click"
version = "8.0.3"
description = "Composable command line interface toolkit"
category = "dev"
optional = false
python-versions = ">=3.6"

[package.dependencies]
colorama = {version = "*", markers = "platform_system == \"Windows\""}

[[package]]
name = "colorama"
version = "0.4.4"
description = "Cross-platform colored terminal text."
category = "dev"
optional = false
python-versions = ">=2.7, !=3.0.*, !=3.1.*, !=3.2.*, !=3.3.*, !=3.4.*"

[[package]]
name = "cython"
version = "3.2.6"
description = "The Cython compiler for writing C extensions in the Python language."
category = "dev"
optional = false
python-versions = ">=3.8"

[[package]]
name = "exceptiongroup"
version = "1.1.1"
description = "Backport of PEP 654 (exception groups)"
category = "dev"
optional = false
python-versions = ">=3.7"

[package.extras]
test = ["pytest (>=6)"]

[[package]]
name = "iniconfig"
version = "1.1.1"
description = "iniconfig: brain-dead simple config-ini parsing"
category = "dev"
optional = false
python-versions = "*"

[[package]]
name = "mypy-extensions"
version = "0.4.3"
description = "Experimental type system extensions for programs checked with the mypy typechecker."
category = "dev"
optional = false
python-versions = "*"

[[package]]
name = "packaging"
version = "21.3"
description = "Core utilities for Python packages"
category = "dev"
optional = false
python-versions = ">=3.6"

[package.dependencies]
pyparsing = ">=2.0.2,<3.0.5 || >3.0.5"

[[package]]
name = "pathspec"
version = "0.9.0"
description = "Utility library for gitignore style pattern matching of file paths."
category = "dev"
optional = false
python-versions = "!=3.0.*,!=3.1.*,!=3.2.*,!=3.3.*,!=3.4.*,>=2.7"

[[package]]
name = "platformdirs"
version = "2.4.0"
description = "A small Python module for determining appropriate platform-specific dirs, e.g. a \"user data dir\"."
category = "dev"
optional = false
python-versions = ">=3.6"

[package.extras]
docs = ["Sphinx (>=4)", "furo (>=2021.7.5b38)", "proselint (>=0.10.2)", "sphinx-autodoc-typehints (>=1.12)"]
test = ["appdirs (==1.4.4)", "pytest (>=6)", "pytest-cov (>=2.7)", "pytest-mock (>=3.6)"]

[[package]]
name = "pluggy"
version = "1.5.0"
description = "plugin and hook calling mechanisms for python"
category = "dev"
optional = false
python-versions = ">=3.8"

[package.extras]
dev = ["pre-commit", "tox"]
testing = ["pytest", "pytest-benchmark"]

[[package]]
name = "pyparsing"
version = "3.0.6"
description = "Python parsing module"
category = "dev"
optional = false
python-versions = ">=3.6"

[package.extras]
diagrams = ["jinja2", "railroad-diagrams"]

[[package]]
name = "pytest"
version = "8.3.5"
description = "pytest: simple powerful testing with Python"
category = "dev"
optional = false
python-versions = ">=3.8"

[package.dependencies]
colorama = {version = "*", markers = "sys_platform == \"win32\""}
exceptiongroup = {version = ">=1.0.0rc8", markers = "python_version < \"3.11\""}
iniconfig = "*"
packaging = "*"
pluggy = ">=1.5,<2"
tomli = {version = ">=1", markers = "python_version < \"3.11\""}

[package.extras]
dev = ["argcomplete", "attrs (>=19.2)", "hypothesis (>=3.56)", "mock", "pygments (>=2.7.2)", "requests", "setuptools", "xmlschema"]

[[package]]
name = "tomli"
version = "1.2.3"
description = "A lil' TOML parser"
category = "dev"
optional = false
python-versions = ">=3.6"

[[package]]
name = "typing-extensions"
version = "4.0.1"
description = "Backported and Experimental Type Hints for Python 3.6+"
category = "dev"
optional = false
python-versions = ">=3.6"

[metadata]
lock-version = "1.1"
python-versions = "^3.8"
content-hash = "429a9497acf05a2771c3c5c5decca57e68317a775eabc59ba49cc1f8db8d8fce"

[metadata.files]
black = [
    {file = "black-21.12b0-py3-none-any.whl", hash = "sha256:a615e69ae185e08fdd73e4715e260e2479c861b5740057fde6e8b4e3b7dd589f"},
    {file = "black-21.12b0.tar.gz", hash = "sha256:77b80f693a569e2e527958459634f18df9b0ba2625ba4e0c2d5da5be42e6f2b3"},
]
click = [
    {file = "click-8.0.3-py3-none-any.whl", hash = "sha256:353f466495adaeb40b6b5f592f9f91cb22372351c84caeb068132442a4518ef3"},
    {file = "click-8.0.3.tar.gz", hash = "sha256:410e932b050f5eed773c4cda94de75971c89cdb3155a72a0831139a79e5ecb5b"},
]
colorama = [
    {file = "colorama-0.4.4-py2.py3-none-any.whl", hash = "sha256:9f47eda37229f68eee03b24b9748937c7dc3868f906e8ba69fbcbdd3bc5dc3e2"},
    {file = "colorama-0.4.4.tar.gz", hash = "sha256:5941b2b48a20143d2267e95b1c2a7603ce057ee39fd88e7329b0c292aa16869b"},
]
cython = [
    {file = "cython-3.2.6-cp310-cp310-macosx_11_0_arm64.whl", hash = "sha256:a2256911b04b61cd1868fd3c8fa48a0a4df1b6fe0cc95df39ae31a05e313b1df"},
    {file = "cython-3.2.6-cp310-cp310-manylinux2014_aarch64.manylinux_2_17_aarch64.manylinux_2_28_aarch64.whl", hash = "sha256:fed593ff9beeda252acce9f8b475f5107a3a04f99183950b8a4ba45c5b5bb959"},
    {file = "cython-3.2.6-cp310-cp310-manylinux2014_x86_64.manylinux_2_17_x86_64.manylinux_2_28_x86_64.whl", hash = "sha256:de9067c5e5d16f964487b3e8a6084709484372a9b786ae6e6f5be61a7d5d3540"},
    {file = "cython-3.2.6-cp310-cp310-win_amd64.whl", hash = "sha256:7bad96281c0e0be103d082eedf7f5357058f675a69fc2bc55eb678c7eebd22e7"},
    {file = "cython-3.2.6-cp311-cp311-macosx_11_0_arm64.whl", hash = "sha256:6d9c43ff8b31a49b2f2f8e4d7b2ed4120890a1654ce9725fcad483561f114cb2"},
    {file = "cython-3.2.6-cp311-cp311-manylinux2014_aarch64.manylinux_2_17_aarch64.manylinux_2_28_aarch64.whl", hash = "sha256:e97789425a0638dd9078cd4a28c90bf53b0679ec73706fcaa4f88c39572350d5"},
    {file = "cython-3.2.6-cp311-cp311-manylinux2014_x86_64.manylinux_2_17_x86_64.manylinux_2_28_x86_64.whl", hash = "sha256:0acf7093a7b672152b2a3f062f1c3f520c0598332e050b1d01fecd41a96df780"},
    {file = "cython-3.2.6-cp311-cp311-win_amd64.whl", hash = "sha256:24bd2a82a07269a1e6e6595bb466e2392b0da1dfc1975ae7029a1c8a25177f0a"},
    {file = "cython-3.2.6-cp312-cp312-macosx_11_0_arm64.whl", hash = "sha256:18e6867912d30ed72193d13ddfa1ee2dee993ebe5cf7ec68d67df72999621ae2"},
    {file = "cython-3.2.6-cp312-cp312-manylinux2014_aarch64.manylinux_2_17_aarch64.manylinux_2_28_aarch64.whl", hash = "sha256:4898f8c192881c887cb6ddec76019aed76fca1bb5503d9ac4ca1b71e5888c025"},
    {file = "cython-3.2.6-cp312-cp312-manylinux2014_x86_64.manylinux_2_17_x86_64.manylinux_2_28_x86_64.whl", hash = "sha256:b24a7acb0579705a0469f0e8f46992afb21446f0fa378071e04b761cc307efcb"},
    {file = "cython-3.2.6-cp312-cp312-win_amd64.whl", hash = "sha256:52642711db295185ec1393a21017c1b4e77c7b9fbdc5610b9a4830ac67ce0e8a"},
    {file = "cython-3.2.6-cp313-cp313-macosx_11_0_arm64.whl", hash = "sha256:1620fa6bc06e08abaf186ca48b537866fec8e36d063bda40baa97b4c69464e30"},
    {file = "cython-3.2.6-cp313-cp313-manylinux2014_aarch64.manylinux_2_17_aarch64.manylinux_2_28_aarch64.whl", hash = "sha256:11801c84778e57d47d5b5a986c89a8b56ea5931ee6a2847ff467b39743809366"},
    {file = "cython-3.2.6-cp313-cp313-manylinux2014_x86_64.manylinux_2_17_x86_64.manylinux_2_28_x86_64.whl", hash = "sha256:334590964868d3687be573906e8e68e7215a05728dc85ba28ca8e866c1ec670a"},
    {file = "cython-3.2.6-cp313-cp313-win_amd64.whl", hash = "sha256:ada44272f4627c8fe0cab7ab8f1643f12717b79ad6db6c8b08b570045a557aaf"},
    {file = "cython-3.2.6-cp314-cp314-macosx_11_0_arm64.whl", hash = "sha256:7a06b86bc7f319f73586d59b9fc7e03b737f4e64340520acb1aa72bacd2ddb4b"},
    {file = "cython-3.2.6-cp314-cp314-manylinux2014_aarch64.manylinux_2_17_aarch64.manylinux_2_28_aarch64.whl", hash = "sha256:eedaac613e339871dbb7b63cad9128a1223cb732b7c3b33d56f5c2773ab4270b"},
    {file = "cython-3.2.6-cp314-cp314-manylinux2014_x86_64.manylinux_2_17_x86_64.manylinux_2_28_x86_64.whl", hash = "sha256:b74d3cc341112274fd9ac45e48218b88a45ae9549f1a78f7b6321f5862f0f993"},
    {file = "cython-3.2.6-cp314-cp314-win_amd64.whl", hash = "sha256:038969d1c1a9c7982ad86e45c1fb555d90230d8fab106af5e30b629d1c0d5570"},
    {file = "cython-3.2.6-cp38-cp38-macosx_11_0_arm64.whl", hash = "sha256:575ae7a4abbac34abe83f9428c748850639ca5b7457096769a81cdbcc904f687"},
    {file = "cython-3.2.6-cp38-cp38-manylinux2014_aarch64.manylinux_2_17_aarch64.manylinux_2_28_aarch64.whl", hash = "sha256:4ddf484a71f0815ec5a106bc90912f832efd4edc96f41619ac318b6fb67c8325"},
    {file = "cython-3.2.6-cp38-cp38-manylinux2014_x86_64.manylinux_2_17_x86_64.manylinux_2_28_x86_64.whl", hash = "sha256:a6251eb9d1995d898ab86e3bc458398a32df804bf4e704e76f703face663be45"},
    {file = "cython-3.2.6-cp38-cp38-win_amd64.whl", hash = "sha256:a69300a63b93c44863eae70307cd6de1833532dcbed566b597cc79528716ed51"},
    {file = "cython-3.2.6-cp39-abi3-macosx_10_9_x86_64.whl", hash = "sha256:9a5e31253e54a93b05aaab46f5b3ee0002112cf040b09476921e75115fd40321"},
    {file = "cython-3.2.6-cp39-abi3-manylinux1_i686.manylinux_2_28_i686.manylinux_2_5_i686.whl", hash = "sha256:c8abcf755dd6e0a9b37993a285998a5fc08cbbca5669ce4832d996ba304182fc"},
    {file = "cython-3.2.6-cp39-abi3-manylinux2014_armv7l.manylinux_2_17_armv7l.manylinux_2_31_armv7l.whl", hash = "sha256:08fce6c6450a5bc92bb7fe1d936cf9d5429d8124e9459622316f00859406aa56"},
    {file = "cython-3.2.6-cp39-abi3-musllinux_1_2_aarch64.whl", hash = "sha256:b4fa2401cfd8632294dcf87469c6a235bbdf822b49c0f5d79077f4d63e4c4d58"},
    {file = "cython-3.2.6-cp39-abi3-musllinux_1_2_armv7l.whl", hash = "sha256:df431a50c13b46f3785b3b2c6a10d83ec493974b5a25a3e07342aa5e36afe976"},
    {file = "cython-3.2.6-cp39-abi3-musllinux_1_2_i686.whl", hash = "sha256:0a4e3a352e56e4f11ccf5b883c01c2daf005d5c74f472cf7fcc15a04498b49fd"},
    {file = "cython-3.2.6-cp39-abi3-musllinux_1_2_x86_64.whl", hash = "sha256:b54ad419c478164a101b374f4fd1a9211de4dd696a1ba572b283f5622901ed72"},
    {file = "cython-3.2.6-cp39-abi3-win32.whl", hash = "sha256:b20c4f946b6dda39f2e4b1c643e333c560d6ab9eea8befb3fe9007f40e40bd9c"},
    {file = "cython-3.2.6-cp39-abi3-win_arm64.whl", hash = "sha256:3a49d32bd54d7ac9b6ddadc7a890dc667ccb2308bd71621d402d9087aae3a291"},
    {file = "cython-3.2.6-cp39-cp39-macosx_11_0_arm64.whl", hash = "sha256:2b64353e1faf9b0ffe770e2a1dae3bb77b663d738c52e8064d618987b8349903"},
    {file = "cython-3.2.6-cp39-cp39-manylinux2014_aarch64.manylinux_2_17_aarch64.manylinux_2_28_aarch64.whl", hash = "sha256:a27b599bfcc062d9bfa2c715fd25404f5ba89a7cb4e8d375f0b6cabda4a93fa3"},
    {file = "cython-3.2.6-cp39-cp39-manylinux2014_x86_64.manylinux_2_17_x86_64.manylinux_2_28_x86_64.whl", hash = "sha256:d438d76a6e6977cab3eff39de825e9798a9956a4be627faf23e1ca296dcfbe69"},
    {file = "cython-3.2.6-cp39-cp39-win_amd64.whl", hash = "sha256:f9506c30bf137bf9255fe98e46e4696ef008e99ba01698b8dc2024da060ef379"},
    {file = "cython-3.2.6-py3-none-any.whl", hash = "sha256:6b1e044b465b66eb242d5a415072a54c4b0325557e5e91fc134f003fdcc20150"},
    {file = "cython-3.2.6.tar.gz", hash = "sha256:6509472a245ccdf5fd11637a4744a1edfd38debb1a48332a8f3fe4b07db725bd"},
]
exceptiongroup = [
    {file = "exceptiongroup-1.1.1-py3-none-any.whl", hash = "sha256:232c37c63e4f682982c8b6459f33a8981039e5fb8756b2074364e5055c498c9e"},
    {file = "exceptiongroup-1.1.1.tar.gz", hash = "sha256:d484c3090ba2889ae2928419117447a14daf3c1231d5e30d0aae34f354f01785"},
]
iniconfig = [
    {file = "iniconfig-1.1.1-py2.py3-none-any.whl", hash = "sha256:011e24c64b7f47f6ebd835bb12a743f2fbe9a26d4cecaa7f53bc4f35ee9da8b3"},
    {file = "iniconfig-1.1.1.tar.gz", hash = "sha256:bc3af051d7d14b2ee5ef9969666def0cd1a000e121eaea580d4a313df4b37f32"},
]
mypy-extensions = [
    {file = "mypy_extensions-0.4.3-py2.py3-none-any.whl", hash = "sha256:090fedd75945a69ae91ce1303b5824f428daf5a028d2f6ab8a299250a846f15d"},
    {file = "mypy_extensions-0.4.3.tar.gz", hash = "sha256:2d82818f5bb3e369420cb3c4060a7970edba416647068eb4c5343488a6c604a8"},
]
packaging = [
    {file = "packaging-21.3-py3-none-any.whl", hash = "sha256:ef103e05f519cdc783ae24ea4e2e0f508a9c99b2d4969652eed6a2e1ea5bd522"},
    {file = "packaging-21.3.tar.gz", hash = "sha256:dd47c42927d89ab911e606518907cc2d3a1f38bbd026385970643f9c5b8ecfeb"},
]
pathspec = [
    {file = "pathspec-0.9.0-py2.py3-none-any.whl", hash = "sha256:7d15c4ddb0b5c802d161efc417ec1a2558ea2653c2e8ad9c19098201dc1c993a"},
    {file = "pathspec-0.9.0.tar.gz", hash = "sha256:e564499435a2673d586f6b2130bb5b95f04a3ba06f81b8f895b651a3c76aabb1"},
]
platformdirs = [
    {file = "platformdirs-2.4.0-py3-none-any.whl", hash = "sha256:8868bbe3c3c80d42f20156f22e7131d2fb321f5bc86a2a345375c6481a67021d"},
    {file = "platformdirs-2.4.0.tar.gz", hash = "sha256:367a5e80b3d04d2428ffa76d33f124cf11e8fff2acdaa9b43d545f5c7d661ef2"},
]
pluggy = [
    {file = "pluggy-1.5.0-py3-none-any.whl", hash = "sha256:44e1ad92c8ca002de6377e165f3e0f1be63266ab4d554740532335b9d75ea669"},
    {file = "pluggy-1.5.0.tar.gz", hash = "sha256:2cffa88e94fdc978c4c574f15f9e59b7f4201d439195c3715ca9e2486f1d0cf1"},
]
pyparsing = [
    {file = "pyparsing-3.0.6-py3-none-any.whl", hash = "sha256:04ff808a5b90911829c55c4e26f75fa5ca8a2f5f36aa3a51f68e27033341d3e4"},
    {file = "pyparsing-3.0.6.tar.gz", hash = "sha256:d9bdec0013ef1eb5a84ab39a3b3868911598afa494f5faa038647101504e2b81"},
]
pytest = [
    {file = "pytest-8.3.5-py3-none-any.whl", hash = "sha256:c69214aa47deac29fad6c2a4f590b9c4a9fdb16a403176fe154b79c0b4d4d820"},
    {file = "pytest-8.3.5.tar.gz", hash = "sha256:f4efe70cc14e511565ac476b57c279e12a855b11f48f212af1080ef2263d3845"},
]
tomli = [
    {file = "tomli-1.2.3-py3-none-any.whl", hash = "sha256:e3069e4be3ead9668e21cb9b074cd948f7b3113fd9c8bba083f48247aab8b11c"},
    {file = "tomli-1.2.3.tar.gz", hash = "sha256:05b6166bff487dc068d322585c7ea4ef78deed501cc124060e0f238e89a9231f"},
]
typing-extensions = [
    {file = "typing_extensions-4.0.1-py3-none-any.whl", hash = "sha256:7f001e5ac290a0c0401508864c7ec868be4e701886d5b573a9528ed3973d9d3b"},
    {file = "typing_extensions-4.0.1.tar.gz", hash = "sha256:4ca091dea149f945ec56afb48dae714f21e8692ef22a395223bcd328961b6a0e"},
]
