[[package]]
name = "black"
version = "21.12b0"
description = "The uncompromising code formatter."
category = "dev"
optional = false
python-versions = ">=3.6.2"

[package.dependencies]
click = ">=7.1.2"
mypy-extensions = ">=0.4.3"
pathspec = ">=0.9.0,<1"
platformdirs = ">=2"
tomli = ">=0.2.6,<2.0.0"
typing-extensions = [
    {version = ">=3.10.0.0", markers = "python_version < \"3.10\""},
    {version = ">=3.10.0.0,<3.10.0.1 || >3.10.0.1", markers = "python_version >= \"3.10\""},
]

[package.extras]
colorama = ["colorama (>=0.4.3)"]
d = ["aiohttp (>=3.7.4)"]
jupyter = ["ipython (>=7.8.0)", "tokenize-rt (>=3.2.0)"]
python2 = ["typed-ast (>=1.4.3)"]
uvloop = ["uvloop (>=0.15.2)"]

[[package]]
name = "click"
version = "8.0.3"
description = "Composable command line interface toolkit"
category = "dev"
optional = false
python-versions = ">=3.6"

[package.dependencies]
colorama = {version = "*", markers = "platform_system == \"Windows\""}

[[package]]
name = "colorama"
version = "0.4.4"
description = "Cross-platform colored terminal text."
category = "dev"
optional = false
python-versions = ">=2.7, !=3.0.*, !=3.1.*, !=3.2.*, !=3.3.*, !=3.4.*"

[[package]]
name = "cython"
version = "3.0.9"
description = "The Cython compiler for writing C extensions in the Python language."
category = "dev"
optional = false
python-versions = ">=2.7, !=3.0.*, !=3.1.*, !=3.2.*, !=3.3.*"

[[package]]
name = "exceptiongroup"
version = "1.1.1"
description = "Backport of PEP 654 (exception groups)"
category = "dev"
optional = false
python-versions = ">=3.7"

[package.extras]
test = ["pytest (>=6)"]

[[package]]
name = "iniconfig"
version = "1.1.1"
description = "iniconfig: brain-dead simple config-ini parsing"
category = "dev"
optional = false
python-versions = "*"

[[package]]
name = "mypy-extensions"
version = "0.4.3"
description = "Experimental type system extensions for programs checked with the mypy typechecker."
category = "dev"
optional = false
python-versions = "*"

[[package]]
name = "packaging"
version = "21.3"
description = "Core utilities for Python packages"
category = "dev"
optional = false
python-versions = ">=3.6"

[package.dependencies]
pyparsing = ">=2.0.2,<3.0.5 || >3.0.5"

[[package]]
name = "pathspec"
version = "0.9.0"
description = "Utility library for gitignore style pattern matching of file paths."
category = "dev"
optional = false
python-versions = "!=3.0.*,!=3.1.*,!=3.2.*,!=3.3.*,!=3.4.*,>=2.7"

[[package]]
name = "platformdirs"
version = "2.4.0"
description = "A small Python module for determining appropriate platform-specific dirs, e.g. a \"user data dir\"."
category = "dev"
optional = false
python-versions = ">=3.6"

[package.extras]
docs = ["Sphinx (>=4)", "furo (>=2021.7.5b38)", "proselint (>=0.10.2)", "sphinx-autodoc-typehints (>=1.12)"]
test = ["appdirs (==1.4.4)", "pytest (>=6)", "pytest-cov (>=2.7)", "pytest-mock (>=3.6)"]

[[package]]
name = "pluggy"
version = "1.0.0"
description = "plugin and hook calling mechanisms for python"
category = "dev"
optional = false
python-versions = ">=3.6"

[package.extras]
dev = ["pre-commit", "tox"]
testing = ["pytest", "pytest-benchmark"]

[[package]]
name = "pyparsing"
version = "3.0.6"
description = "Python parsing module"
category = "dev"
optional = false
python-versions = ">=3.6"

[package.extras]
diagrams = ["jinja2", "railroad-diagrams"]

[[package]]
name = "pytest"
version = "7.4.4"
description = "pytest: simple powerful testing with Python"
category = "dev"
optional = false
python-versions = ">=3.7"

[package.dependencies]
colorama = {version = "*", markers = "sys_platform == \"win32\""}
exceptiongroup = {version = ">=1.0.0rc8", markers = "python_version < \"3.11\""}
iniconfig = "*"
packaging = "*"
pluggy = ">=0.12,<2.0"
tomli = {version = ">=1.0.0", markers = "python_version < \"3.11\""}

[package.extras]
testing = ["argcomplete", "attrs (>=19.2.0)", "hypothesis (>=3.56)", "mock", "nose", "pygments (>=2.7.2)", "requests", "setuptools", "xmlschema"]

[[package]]
name = "tomli"
version = "1.2.3"
description = "A lil' TOML parser"
category = "dev"
optional = false
python-versions = ">=3.6"

[[package]]
name = "typing-extensions"
version = "4.0.1"
description = "Backported and Experimental Type Hints for Python 3.6+"
category = "dev"
optional = false
python-versions = ">=3.6"

[metadata]
lock-version = "1.1"
python-versions = "^3.8"
content-hash = "c298f08a86c18a5593cc0dac78beebbee2b24457dde80240f5aea5a433ee40c3"

[metadata.files]
black = [
    {file = "black-21.12b0-py3-none-any.whl", hash = "sha256:a615e69ae185e08fdd73e4715e260e2479c861b5740057fde6e8b4e3b7dd589f"},
    {file = "black-21.12b0.tar.gz", hash = "sha256:77b80f693a569e2e527958459634f18df9b0ba2625ba4e0c2d5da5be42e6f2b3"},
]
click = [
    {file = "click-8.0.3-py3-none-any.whl", hash = "sha256:353f466495adaeb40b6b5f592f9f91cb22372351c84caeb068132442a4518ef3"},
    {file = "click-8.0.3.tar.gz", hash = "sha256:410e932b050f5eed773c4cda94de75971c89cdb3155a72a0831139a79e5ecb5b"},
]
colorama = [
    {file = "colorama-0.4.4-py2.py3-none-any.whl", hash = "sha256:9f47eda37229f68eee03b24b9748937c7dc3868f906e8ba69fbcbdd3bc5dc3e2"},
    {file = "colorama-0.4.4.tar.gz", hash = "sha256:5941b2b48a20143d2267e95b1c2a7603ce057ee39fd88e7329b0c292aa16869b"},
]
cython = [
    {file = "Cython-3.0.9-cp310-cp310-macosx_10_9_x86_64.whl", hash = "sha256:296bd30d4445ac61b66c9d766567f6e81a6e262835d261e903c60c891a6729d3"},
    {file = "Cython-3.0.9-cp310-cp310-manylinux_2_17_aarch64.manylinux2014_aarch64.whl", hash = "sha256:f496b52845cb45568a69d6359a2c335135233003e708ea02155c10ce3548aa89"},
    {file = "Cython-3.0.9-cp310-cp310-manylinux_2_17_x86_64.manylinux2014_x86_64.whl", hash = "sha256:858c3766b9aa3ab8a413392c72bbab1c144a9766b7c7bfdef64e2e414363fa0c"},
    {file = "Cython-3.0.9-cp310-cp310-manylinux_2_5_i686.manylinux1_i686.manylinux_2_17_i686.manylinux2014_i686.whl", hash = "sha256:c0eb1e6ef036028a52525fd9a012a556f6dd4788a0e8755fe864ba0e70cde2ff"},
    {file = "Cython-3.0.9-cp310-cp310-musllinux_1_1_aarch64.whl", hash = "sha256:c8191941073ea5896321de3c8c958fd66e5f304b0cd1f22c59edd0b86c4dd90d"},
    {file = "Cython-3.0.9-cp310-cp310-musllinux_1_1_x86_64.whl", hash = "sha256:e32b016030bc72a8a22a1f21f470a2f57573761a4f00fbfe8347263f4fbdb9f1"},
    {file = "Cython-3.0.9-cp310-cp310-win32.whl", hash = "sha256:d6f3ff1cd6123973fe03e0fb8ee936622f976c0c41138969975824d08886572b"},
    {file = "Cython-3.0.9-cp310-cp310-win_amd64.whl", hash = "sha256:56f3b643dbe14449248bbeb9a63fe3878a24256664bc8c8ef6efd45d102596d8"},
    {file = "Cython-3.0.9-cp311-cp311-macosx_10_9_x86_64.whl", hash = "sha256:35e6665a20d6b8a152d72b7fd87dbb2af6bb6b18a235b71add68122d594dbd41"},
    {file = "Cython-3.0.9-cp311-cp311-manylinux_2_17_aarch64.manylinux2014_aarch64.whl", hash = "sha256:f92f4960c40ad027bd8c364c50db11104eadc59ffeb9e5b7f605ca2f05946e20"},
    {file = "Cython-3.0.9-cp311-cp311-manylinux_2_17_x86_64.manylinux2014_x86_64.whl", hash = "sha256:38df37d0e732fbd9a2fef898788492e82b770c33d1e4ed12444bbc8a3b3f89c0"},
    {file = "Cython-3.0.9-cp311-cp311-manylinux_2_5_i686.manylinux1_i686.manylinux_2_17_i686.manylinux2014_i686.whl", hash = "sha256:ad7fd88ebaeaf2e76fd729a8919fae80dab3d6ac0005e28494261d52ff347a8f"},
    {file = "Cython-3.0.9-cp311-cp311-musllinux_1_1_aarch64.whl", hash = "sha256:1365d5f76bf4d19df3d19ce932584c9bb76e9fb096185168918ef9b36e06bfa4"},
    {file = "Cython-3.0.9-cp311-cp311-musllinux_1_1_x86_64.whl", hash = "sha256:c232e7f279388ac9625c3e5a5a9f0078a9334959c5d6458052c65bbbba895e1e"},
    {file = "Cython-3.0.9-cp311-cp311-win32.whl", hash = "sha256:357e2fad46a25030b0c0496487e01a9dc0fdd0c09df0897f554d8ba3c1bc4872"},
    {file = "Cython-3.0.9-cp311-cp311-win_amd64.whl", hash = "sha256:1315aee506506e8d69cf6631d8769e6b10131fdcc0eb66df2698f2a3ddaeeff2"},
    {file = "Cython-3.0.9-cp312-cp312-macosx_10_9_x86_64.whl", hash = "sha256:157973807c2796addbed5fbc4d9c882ab34bbc60dc297ca729504901479d5df7"},
    {file = "Cython-3.0.9-cp312-cp312-manylinux_2_17_aarch64.manylinux2014_aarch64.whl", hash = "sha256:00b105b5d050645dd59e6767bc0f18b48a4aa11c85f42ec7dd8181606f4059e3"},
    {file = "Cython-3.0.9-cp312-cp312-manylinux_2_17_x86_64.manylinux2014_x86_64.whl", hash = "sha256:ac5536d09bef240cae0416d5a703d298b74c7bbc397da803ac9d344e732d4369"},
    {file = "Cython-3.0.9-cp312-cp312-manylinux_2_5_i686.manylinux1_i686.manylinux_2_17_i686.manylinux2014_i686.whl", hash = "sha256:09c44501d476d16aaa4cbc29c87f8c0f54fc20e69b650d59cbfa4863426fc70c"},
    {file = "Cython-3.0.9-cp312-cp312-musllinux_1_1_aarch64.whl", hash = "sha256:cc9c3b9f20d8e298618e5ccd32083ca386e785b08f9893fbec4c50b6b85be772"},
    {file = "Cython-3.0.9-cp312-cp312-musllinux_1_1_x86_64.whl", hash = "sha256:a30d96938c633e3ec37000ac3796525da71254ef109e66bdfd78f29891af6454"},
    {file = "Cython-3.0.9-cp312-cp312-win32.whl", hash = "sha256:757ca93bdd80702546df4d610d2494ef2e74249cac4d5ba9464589fb464bd8a3"},
    {file = "Cython-3.0.9-cp312-cp312-win_amd64.whl", hash = "sha256:1dc320a9905ab95414013f6de805efbff9e17bb5fb3b90bbac533f017bec8136"},
    {file = "Cython-3.0.9-cp36-cp36m-macosx_10_9_x86_64.whl", hash = "sha256:4ae349960ebe0da0d33724eaa7f1eb866688fe5434cc67ce4dbc06d6a719fbfc"},
    {file = "Cython-3.0.9-cp36-cp36m-manylinux_2_17_x86_64.manylinux2014_x86_64.whl", hash = "sha256:36f5a2dfc724bea1f710b649f02d802d80fc18320c8e6396684ba4a48412445a"},
    {file = "Cython-3.0.9-cp36-cp36m-musllinux_1_1_aarch64.whl", hash = "sha256:000af6deb7412eb7ac0c635ff5e637fb8725dd0a7b88cc58dfc2b3de14e701c4"},
    {file = "Cython-3.0.9-cp36-cp36m-musllinux_1_1_x86_64.whl", hash = "sha256:15c7f5c2d35bed9aa5f2a51eaac0df23ae72f2dbacf62fc672dd6bfaa75d2d6f"},
    {file = "Cython-3.0.9-cp36-cp36m-win32.whl", hash = "sha256:f49aa4970cd3bec66ac22e701def16dca2a49c59cceba519898dd7526e0be2c0"},
    {file = "Cython-3.0.9-cp36-cp36m-win_amd64.whl", hash = "sha256:4558814fa025b193058d42eeee498a53d6b04b2980d01339fc2444b23fd98e58"},
    {file = "Cython-3.0.9-cp37-cp37m-macosx_10_9_x86_64.whl", hash = "sha256:539cd1d74fd61f6cfc310fa6bbbad5adc144627f2b7486a07075d4e002fd6aad"},
    {file = "Cython-3.0.9-cp37-cp37m-manylinux_2_17_aarch64.manylinux2014_aarch64.whl", hash = "sha256:c3232926cd406ee02eabb732206f6e882c3aed9d58f0fea764013d9240405bcf"},
    {file = "Cython-3.0.9-cp37-cp37m-manylinux_2_17_x86_64.manylinux2014_x86_64.whl", hash = "sha256:33b6ac376538a7fc8c567b85d3c71504308a9318702ec0485dd66c059f3165cb"},
    {file = "Cython-3.0.9-cp37-cp37m-manylinux_2_5_i686.manylinux1_i686.manylinux_2_17_i686.manylinux2014_i686.whl", hash = "sha256:2cc92504b5d22ac66031ffb827bd3a967fc75a5f0f76ab48bce62df19be6fdfd"},
    {file = "Cython-3.0.9-cp37-cp37m-musllinux_1_1_aarch64.whl", hash = "sha256:22b8fae756c5c0d8968691bed520876de452f216c28ec896a00739a12dba3bd9"},
    {file = "Cython-3.0.9-cp37-cp37m-musllinux_1_1_x86_64.whl", hash = "sha256:9cda0d92a09f3520f29bd91009f1194ba9600777c02c30c6d2d4ac65fb63e40d"},
    {file = "Cython-3.0.9-cp37-cp37m-win32.whl", hash = "sha256:ec612418490941ed16c50c8d3784c7bdc4c4b2a10c361259871790b02ec8c1db"},
    {file = "Cython-3.0.9-cp37-cp37m-win_amd64.whl", hash = "sha256:976c8d2bedc91ff6493fc973d38b2dc01020324039e2af0e049704a8e1b22936"},
    {file = "Cython-3.0.9-cp38-cp38-macosx_10_9_x86_64.whl", hash = "sha256:5055988b007c92256b6e9896441c3055556038c3497fcbf8c921a6c1fce90719"},
    {file = "Cython-3.0.9-cp38-cp38-manylinux_2_17_aarch64.manylinux2014_aarch64.whl", hash = "sha256:d9360606d964c2d0492a866464efcf9d0a92715644eede3f6a2aa696de54a137"},
    {file = "Cython-3.0.9-cp38-cp38-manylinux_2_17_x86_64.manylinux2014_x86_64.whl", hash = "sha256:02c6e809f060bed073dc7cba1648077fe3b68208863d517c8b39f3920eecf9dd"},
    {file = "Cython-3.0.9-cp38-cp38-manylinux_2_5_i686.manylinux1_i686.manylinux_2_17_i686.manylinux2014_i686.whl", hash = "sha256:95ed792c966f969cea7489c32ff90150b415c1f3567db8d5a9d489c7c1602dac"},
    {file = "Cython-3.0.9-cp38-cp38-musllinux_1_1_aarch64.whl", hash = "sha256:8edd59d22950b400b03ca78d27dc694d2836a92ef0cac4f64cb4b2ff902f7e25"},
    {file = "Cython-3.0.9-cp38-cp38-musllinux_1_1_x86_64.whl", hash = "sha256:4cf0ed273bf60e97922fcbbdd380c39693922a597760160b4b4355e6078ca188"},
    {file = "Cython-3.0.9-cp38-cp38-win32.whl", hash = "sha256:5eb9bd4ae12ebb2bc79a193d95aacf090fbd8d7013e11ed5412711650cb34934"},
    {file = "Cython-3.0.9-cp38-cp38-win_amd64.whl", hash = "sha256:44457279da56e0f829bb1fc5a5dc0836e5d498dbcf9b2324f32f7cc9d2ec6569"},
    {file = "Cython-3.0.9-cp39-cp39-macosx_10_9_x86_64.whl", hash = "sha256:c4b419a1adc2af43f4660e2f6eaf1e4fac2dbac59490771eb8ac3d6063f22356"},
    {file = "Cython-3.0.9-cp39-cp39-manylinux_2_17_aarch64.manylinux2014_aarch64.whl", hash = "sha256:4f836192140f033b2319a0128936367c295c2b32e23df05b03b672a6015757ea"},
    {file = "Cython-3.0.9-cp39-cp39-manylinux_2_17_x86_64.manylinux2014_x86_64.whl", hash = "sha256:2fd198c1a7f8e9382904d622cc0efa3c184605881fd5262c64cbb7168c4c1ec5"},
    {file = "Cython-3.0.9-cp39-cp39-manylinux_2_5_i686.manylinux1_i686.manylinux_2_17_i686.manylinux2014_i686.whl", hash = "sha256:a274fe9ca5c53fafbcf5c8f262f8ad6896206a466f0eeb40aaf36a7951e957c0"},
    {file = "Cython-3.0.9-cp39-cp39-musllinux_1_1_aarch64.whl", hash = "sha256:158c38360bbc5063341b1e78d3737f1251050f89f58a3df0d10fb171c44262be"},
    {file = "Cython-3.0.9-cp39-cp39-musllinux_1_1_x86_64.whl", hash = "sha256:8bf30b045f7deda0014b042c1b41c1d272facc762ab657529e3b05505888e878"},
    {file = "Cython-3.0.9-cp39-cp39-win32.whl", hash = "sha256:9a001fd95c140c94d934078544ff60a3c46aca2dc86e75a76e4121d3cd1f4b33"},
    {file = "Cython-3.0.9-cp39-cp39-win_amd64.whl", hash = "sha256:530c01c4aebba709c0ec9c7ecefe07177d0b9fd7ffee29450a118d92192ccbdf"},
    {file = "Cython-3.0.9-py2.py3-none-any.whl", hash = "sha256:bf96417714353c5454c2e3238fca9338599330cf51625cdc1ca698684465646f"},
    {file = "Cython-3.0.9.tar.gz", hash = "sha256:a2d354f059d1f055d34cfaa62c5b68bc78ac2ceab6407148d47fb508cf3ba4f3"},
]
exceptiongroup = [
    {file = "exceptiongroup-1.1.1-py3-none-any.whl", hash = "sha256:232c37c63e4f682982c8b6459f33a8981039e5fb8756b2074364e5055c498c9e"},
    {file = "exceptiongroup-1.1.1.tar.gz", hash = "sha256:d484c3090ba2889ae2928419117447a14daf3c1231d5e30d0aae34f354f01785"},
]
iniconfig = [
    {file = "iniconfig-1.1.1-py2.py3-none-any.whl", hash = "sha256:011e24c64b7f47f6ebd835bb12a743f2fbe9a26d4cecaa7f53bc4f35ee9da8b3"},
    {file = "iniconfig-1.1.1.tar.gz", hash = "sha256:bc3af051d7d14b2ee5ef9969666def0cd1a000e121eaea580d4a313df4b37f32"},
]
mypy-extensions = [
    {file = "mypy_extensions-0.4.3-py2.py3-none-any.whl", hash = "sha256:090fedd75945a69ae91ce1303b5824f428daf5a028d2f6ab8a299250a846f15d"},
    {file = "mypy_extensions-0.4.3.tar.gz", hash = "sha256:2d82818f5bb3e369420cb3c4060a7970edba416647068eb4c5343488a6c604a8"},
]
packaging = [
    {file = "packaging-21.3-py3-none-any.whl", hash = "sha256:ef103e05f519cdc783ae24ea4e2e0f508a9c99b2d4969652eed6a2e1ea5bd522"},
    {file = "packaging-21.3.tar.gz", hash = "sha256:dd47c42927d89ab911e606518907cc2d3a1f38bbd026385970643f9c5b8ecfeb"},
]
pathspec = [
    {file = "pathspec-0.9.0-py2.py3-none-any.whl", hash = "sha256:7d15c4ddb0b5c802d161efc417ec1a2558ea2653c2e8ad9c19098201dc1c993a"},
    {file = "pathspec-0.9.0.tar.gz", hash = "sha256:e564499435a2673d586f6b2130bb5b95f04a3ba06f81b8f895b651a3c76aabb1"},
]
platformdirs = [
    {file = "platformdirs-2.4.0-py3-none-any.whl", hash = "sha256:8868bbe3c3c80d42f20156f22e7131d2fb321f5bc86a2a345375c6481a67021d"},
    {file = "platformdirs-2.4.0.tar.gz", hash = "sha256:367a5e80b3d04d2428ffa76d33f124cf11e8fff2acdaa9b43d545f5c7d661ef2"},
]
pluggy = [
    {file = "pluggy-1.0.0-py2.py3-none-any.whl", hash = "sha256:74134bbf457f031a36d68416e1509f34bd5ccc019f0bcc952c7b909d06b37bd3"},
    {file = "pluggy-1.0.0.tar.gz", hash = "sha256:4224373bacce55f955a878bf9cfa763c1e360858e330072059e10bad68531159"},
]
pyparsing = [
    {file = "pyparsing-3.0.6-py3-none-any.whl", hash = "sha256:04ff808a5b90911829c55c4e26f75fa5ca8a2f5f36aa3a51f68e27033341d3e4"},
    {file = "pyparsing-3.0.6.tar.gz", hash = "sha256:d9bdec0013ef1eb5a84ab39a3b3868911598afa494f5faa038647101504e2b81"},
]
pytest = [
    {file = "pytest-7.4.4-py3-none-any.whl", hash = "sha256:b090cdf5ed60bf4c45261be03239c2c1c22df034fbffe691abe93cd80cea01d8"},
    {file = "pytest-7.4.4.tar.gz", hash = "sha256:2cf0005922c6ace4a3e2ec8b4080eb0d9753fdc93107415332f50ce9e7994280"},
]
tomli = [
    {file = "tomli-1.2.3-py3-none-any.whl", hash = "sha256:e3069e4be3ead9668e21cb9b074cd948f7b3113fd9c8bba083f48247aab8b11c"},
    {file = "tomli-1.2.3.tar.gz", hash = "sha256:05b6166bff487dc068d322585c7ea4ef78deed501cc124060e0f238e89a9231f"},
]
typing-extensions = [
    {file = "typing_extensions-4.0.1-py3-none-any.whl", hash = "sha256:7f001e5ac290a0c0401508864c7ec868be4e701886d5b573a9528ed3973d9d3b"},
    {file = "typing_extensions-4.0.1.tar.gz", hash = "sha256:4ca091dea149f945ec56afb48dae714f21e8692ef22a395223bcd328961b6a0e"},
]
